
Microsoft Visual Studio Solution File, Format Version 12.00
# Visual Studio Version 16
VisualStudioVersion = 16.0.31424.327
MinimumVisualStudioVersion = 10.0.40219.1
Project("{FAE04EC0-301F-11D3-BF4B-00C04F79EFBC}") = "HashTables", "HashTables.csproj", "{B92075F7-83C4-486B-8D09-CE79C2DDC252}"
EndProject
Global
	GlobalSection(SolutionConfigurationPlatforms) = preSolution
		Debug|Any CPU = Debug|Any CPU
		Release|Any CPU = Release|Any CPU
	EndGlobalSection
	GlobalSection(ProjectConfigurationPlatforms) = postSolution
		{B92075F7-83C4-486B-8D09-CE79C2DDC252}.Debug|Any CPU.ActiveCfg = Debug|Any CPU
		{B92075F7-83C4-486B-8D09-CE79C2DDC252}.Debug|Any CPU.Build.0 = Debug|Any CPU
		{B92075F7-83C4-486B-8D09-CE79C2DDC252}.Release|Any CPU.ActiveCfg = Release|Any CPU
		{B92075F7-83C4-486B-8D09-CE79C2DDC252}.Release|Any CPU.Build.0 = Release|Any CPU
	EndGlobalSection
	GlobalSection(SolutionProperties) = preSolution
		HideSolutionNode = FALSE
	EndGlobalSection
	GlobalSection(ExtensibilityGlobals) = postSolution
		SolutionGuid = {5A4D2DF4-7A5F-45D2-A7DD-0065924F4E25}
	EndGlobalSection
EndGlobal
